Microsoft Visual Studio Solution File, Format Version 12.00
# Visual Studio 15
VisualStudioVersion = 15.0.26020.0
MinimumVisualStudioVersion = 10.0.40219.1
Project("{FAE04EC0-301F-11D3-BF4B-00C04F79EFBC}") = "jxshell.dotnet4", "jxshell.dotnet4.csproj", "{FB083784-41EF-4DD6-A223-8F0B82E467CE}"
EndProject
Project("{FAE04EC0-301F-11D3-BF4B-00C04F79EFBC}") = "jxshellbase", "jxsheelbase\jxshellbase.csproj", "{A1E48F72-4B7B-461A-B22D-52D21C522ECF}"
EndProject
Global
	GlobalSection(SolutionConfigurationPlatforms) = preSolution
		Debug|Any CPU = Debug|Any CPU
		Release|Any CPU = Release|Any CPU
	EndGlobalSection
	GlobalSection(ProjectConfigurationPlatforms) = postSolution
		{FB083784-41EF-4DD6-A223-8F0B82E467CE}.Debug|Any CPU.ActiveCfg = Debug|Any CPU
		{FB083784-41EF-4DD6-A223-8F0B82E467CE}.Debug|Any CPU.Build.0 = Debug|Any CPU
		{FB083784-41EF-4DD6-A223-8F0B82E467CE}.Release|Any CPU.ActiveCfg = Release|Any CPU
		{FB083784-41EF-4DD6-A223-8F0B82E467CE}.Release|Any CPU.Build.0 = Release|Any CPU
		{A1E48F72-4B7B-461A-B22D-52D21C522ECF}.Debug|Any CPU.ActiveCfg = Debug|Any CPU
		{A1E48F72-4B7B-461A-B22D-52D21C522ECF}.Debug|Any CPU.Build.0 = Debug|Any CPU
		{A1E48F72-4B7B-461A-B22D-52D21C522ECF}.Release|Any CPU.ActiveCfg = Release|Any CPU
		{A1E48F72-4B7B-461A-B22D-52D21C522ECF}.Release|Any CPU.Build.0 = Release|Any CPU
	EndGlobalSection
	GlobalSection(SolutionProperties) = preSolution
		HideSolutionNode = FALSE
	EndGlobalSection
	GlobalSection(ExtensibilityGlobals) = postSolution
		SolutionGuid = {2303BAD2-2C1C-4329-A6A0-BD69D9C40801}
	EndGlobalSection
EndGlobal
